
Microsoft Visual Studio Solution File, Format Version 12.00
# Visual Studio Version 17
VisualStudioVersion = 17.12.35707.178 d17.12
MinimumVisualStudioVersion = 10.0.40219.1
Project("{FAE04EC0-301F-11D3-BF4B-00C04F79EFBC}") = "MovieApplicationBackend", "MovieApplicationBackend\MovieApplicationBackend.csproj", "{6DDA6D2B-1C5D-4BE1-99B3-B84FA16777FC}"
EndProject
Project("{FAE04EC0-301F-11D3-BF4B-00C04F79EFBC}") = "MovieAppRepository", "MovieAppRepository\MovieAppRepository.csproj", "{AE25A838-3D33-4244-942C-69F4CFBB7E8F}"
EndProject
Project("{FAE04EC0-301F-11D3-BF4B-00C04F79EFBC}") = "MovieAppServices", "MovieAppServices\MovieAppServices.csproj", "{1D88395C-62A2-429F-B93C-10508A86E6C1}"
EndProject
Global
	GlobalSection(SolutionConfigurationPlatforms) = preSolution
		Debug|Any CPU = Debug|Any CPU
		Release|Any CPU = Release|Any CPU
	EndGlobalSection
	GlobalSection(ProjectConfigurationPlatforms) = postSolution
		{6DDA6D2B-1C5D-4BE1-99B3-B84FA16777FC}.Debug|Any CPU.ActiveCfg = Debug|Any CPU
		{6DDA6D2B-1C5D-4BE1-99B3-B84FA16777FC}.Debug|Any CPU.Build.0 = Debug|Any CPU
		{6DDA6D2B-1C5D-4BE1-99B3-B84FA16777FC}.Release|Any CPU.ActiveCfg = Release|Any CPU
		{6DDA6D2B-1C5D-4BE1-99B3-B84FA16777FC}.Release|Any CPU.Build.0 = Release|Any CPU
		{AE25A838-3D33-4244-942C-69F4CFBB7E8F}.Debug|Any CPU.ActiveCfg = Debug|Any CPU
		{AE25A838-3D33-4244-942C-69F4CFBB7E8F}.Debug|Any CPU.Build.0 = Debug|Any CPU
		{AE25A838-3D33-4244-942C-69F4CFBB7E8F}.Release|Any CPU.ActiveCfg = Release|Any CPU
		{AE25A838-3D33-4244-942C-69F4CFBB7E8F}.Release|Any CPU.Build.0 = Release|Any CPU
		{1D88395C-62A2-429F-B93C-10508A86E6C1}.Debug|Any CPU.ActiveCfg = Debug|Any CPU
		{1D88395C-62A2-429F-B93C-10508A86E6C1}.Debug|Any CPU.Build.0 = Debug|Any CPU
		{1D88395C-62A2-429F-B93C-10508A86E6C1}.Release|Any CPU.ActiveCfg = Release|Any CPU
		{1D88395C-62A2-429F-B93C-10508A86E6C1}.Release|Any CPU.Build.0 = Release|Any CPU
	EndGlobalSection
	GlobalSection(SolutionProperties) = preSolution
		HideSolutionNode = FALSE
	EndGlobalSection
EndGlobal
